
Microsoft Visual Studio Solution File, Format Version 12.00
# Visual Studio Version 16
VisualStudioVersion = 16.0.29920.165
MinimumVisualStudioVersion = 10.0.40219.1
Project("{FAE04EC0-301F-11D3-BF4B-00C04F79EFBC}") = "Galaxy", "CreateGalaxy\Galaxy.csproj", "{83B9E8A8-A4EC-4ADC-BE64-B99A1217AAD0}"
EndProject
Project("{FAE04EC0-301F-11D3-BF4B-00C04F79EFBC}") = "GalaxyTravel", "Flight\GalaxyTravel.csproj", "{770D77FF-B2E6-46C2-9880-11DE3AD1BB7A}"
EndProject
Global
	GlobalSection(SolutionConfigurationPlatforms) = preSolution
		Debug|Any CPU = Debug|Any CPU
		Release|Any CPU = Release|Any CPU
	EndGlobalSection
	GlobalSection(ProjectConfigurationPlatforms) = postSolution
		{83B9E8A8-A4EC-4ADC-BE64-B99A1217AAD0}.Debug|Any CPU.ActiveCfg = Debug|Any CPU
		{83B9E8A8-A4EC-4ADC-BE64-B99A1217AAD0}.Debug|Any CPU.Build.0 = Debug|Any CPU
		{83B9E8A8-A4EC-4ADC-BE64-B99A1217AAD0}.Release|Any CPU.ActiveCfg = Release|Any CPU
		{83B9E8A8-A4EC-4ADC-BE64-B99A1217AAD0}.Release|Any CPU.Build.0 = Release|Any CPU
		{770D77FF-B2E6-46C2-9880-11DE3AD1BB7A}.Debug|Any CPU.ActiveCfg = Debug|Any CPU
		{770D77FF-B2E6-46C2-9880-11DE3AD1BB7A}.Debug|Any CPU.Build.0 = Debug|Any CPU
		{770D77FF-B2E6-46C2-9880-11DE3AD1BB7A}.Release|Any CPU.ActiveCfg = Release|Any CPU
		{770D77FF-B2E6-46C2-9880-11DE3AD1BB7A}.Release|Any CPU.Build.0 = Release|Any CPU
	EndGlobalSection
	GlobalSection(SolutionProperties) = preSolution
		HideSolutionNode = FALSE
	EndGlobalSection
	GlobalSection(ExtensibilityGlobals) = postSolution
		SolutionGuid = {3093196E-1929-4477-8FC3-495D9E4E8F07}
	EndGlobalSection
EndGlobal
